
Microsoft Visual Studio Solution File, Format Version 12.00
# Visual Studio 2012
Project("{FAE04EC0-301F-11D3-BF4B-00C04F79EFBC}") = "ForumTests", "ForumTests\ForumTests.csproj", "{1750B3B0-57C6-4CB4-B47A-568403335A5D}"
EndProject
Project("{FAE04EC0-301F-11D3-BF4B-00C04F79EFBC}") = "ForumSystem", "ForumSystem\ForumSystem.csproj", "{2C93ACEE-E94D-40D6-B4BE-43434F07B99A}"
EndProject
Project("{FAE04EC0-301F-11D3-BF4B-00C04F79EFBC}") = "ForumDB1", "ForumDB1\ForumDB1.csproj", "{025BB311-CA1C-4370-A84C-6752D22FB4A1}"
EndProject
Project("{FAE04EC0-301F-11D3-BF4B-00C04F79EFBC}") = "unitTestingDevelopers", "unitTestingDevelopers\unitTestingDevelopers.csproj", "{4DF52245-520E-4EFC-A3CE-A66312C40844}"
EndProject
Global
	GlobalSection(SolutionConfigurationPlatforms) = preSolution
		Debug|Any CPU = Debug|Any CPU
		Release|Any CPU = Release|Any CPU
	EndGlobalSection
	GlobalSection(ProjectConfigurationPlatforms) = postSolution
		{1750B3B0-57C6-4CB4-B47A-568403335A5D}.Debug|Any CPU.ActiveCfg = Debug|Any CPU
		{1750B3B0-57C6-4CB4-B47A-568403335A5D}.Debug|Any CPU.Build.0 = Debug|Any CPU
		{1750B3B0-57C6-4CB4-B47A-568403335A5D}.Release|Any CPU.ActiveCfg = Release|Any CPU
		{1750B3B0-57C6-4CB4-B47A-568403335A5D}.Release|Any CPU.Build.0 = Release|Any CPU
		{2C93ACEE-E94D-40D6-B4BE-43434F07B99A}.Debug|Any CPU.ActiveCfg = Debug|Any CPU
		{2C93ACEE-E94D-40D6-B4BE-43434F07B99A}.Debug|Any CPU.Build.0 = Debug|Any CPU
		{2C93ACEE-E94D-40D6-B4BE-43434F07B99A}.Release|Any CPU.ActiveCfg = Release|Any CPU
		{2C93ACEE-E94D-40D6-B4BE-43434F07B99A}.Release|Any CPU.Build.0 = Release|Any CPU
		{025BB311-CA1C-4370-A84C-6752D22FB4A1}.Debug|Any CPU.ActiveCfg = Debug|Any CPU
		{025BB311-CA1C-4370-A84C-6752D22FB4A1}.Debug|Any CPU.Build.0 = Debug|Any CPU
		{025BB311-CA1C-4370-A84C-6752D22FB4A1}.Release|Any CPU.ActiveCfg = Release|Any CPU
		{025BB311-CA1C-4370-A84C-6752D22FB4A1}.Release|Any CPU.Build.0 = Release|Any CPU
		{4DF52245-520E-4EFC-A3CE-A66312C40844}.Debug|Any CPU.ActiveCfg = Debug|Any CPU
		{4DF52245-520E-4EFC-A3CE-A66312C40844}.Debug|Any CPU.Build.0 = Debug|Any CPU
		{4DF52245-520E-4EFC-A3CE-A66312C40844}.Release|Any CPU.ActiveCfg = Release|Any CPU
		{4DF52245-520E-4EFC-A3CE-A66312C40844}.Release|Any CPU.Build.0 = Release|Any CPU
	EndGlobalSection
	GlobalSection(SolutionProperties) = preSolution
		HideSolutionNode = FALSE
	EndGlobalSection
EndGlobal
